# THIS IS AN AUTOGENERATED FILE. DO NOT EDIT THIS FILE DIRECTLY.
# yarn lockfile v1


"impac-angular@git+https://git@github.com/maestrano/impac-angular.git#1.5.0-rc4":
  version "1.5.0-rc4"
  resolved "git+https://git@github.com/maestrano/impac-angular.git#fff26392ddc0d82215224e24f2a8b4ee39b90c27"

"mno-enterprise-angular@git+https://git@github.com/xaun/mno-enterprise-angular.git#feature/transac-reconcile":
  version "0.0.0"
  resolved "git+https://git@github.com/xaun/mno-enterprise-angular.git#1f74ace09f977b68adadcb5a3d16d25bdbe2d98c"

"transac@git+https://git@github.com/xaun/transac.git#master":
  version "0.1.0"
  resolved "git+https://git@github.com/xaun/transac.git#76f38f1ed768e361e26f117ef9bd43f4a95122dc"
