# THIS IS AN AUTOGENERATED FILE. DO NOT EDIT THIS FILE DIRECTLY.
# yarn lockfile v1


"impac-angular@git+https://git@github.com/maestrano/impac-angular.git#1.5.0-rc4":
  version "1.5.0-rc4"
  resolved "git+https://git@github.com/maestrano/impac-angular.git#fff26392ddc0d82215224e24f2a8b4ee39b90c27"

"mno-enterprise-angular@git+https://git@github.com/xaun/mno-enterprise-angular.git#feature/transac-reconcile":
  version "0.0.0"
  resolved "git+https://git@github.com/xaun/mno-enterprise-angular.git#2d4cdf6338afb008ed7c10e46339e4eeb698052e"

"transac@git+https://git@github.com/xaun/transac.git#master":
  version "0.1.0"
  resolved "git+https://git@github.com/xaun/transac.git#2a8f35dd0cdfce3b81abd10c31efbdba89dfa48c"
